// !$*UTF8*$!
{
	archiveVersion = 1;
	classes = {
	};
	objectVersion = 46;
	objects = {

/* Begin PBXBuildFile section */
		450BDBF61BA71CA8003F3F68 /* CollectionViewController.m in Sources */ = {isa = PBXBuildFile; fileRef = 450BDBCC1BA71CA8003F3F68 /* CollectionViewController.m */; };
		450BDBF71BA71CA8003F3F68 /* NibTableViewCell.m in Sources */ = {isa = PBXBuildFile; fileRef = 450BDBCE1BA71CA8003F3F68 /* NibTableViewCell.m */; };
		450BDBF81BA71CA8003F3F68 /* NibTableViewCell.xib in Resources */ = {isa = PBXBuildFile; fileRef = 450BDBCF1BA71CA8003F3F68 /* NibTableViewCell.xib */; };
		450BDBFB1BA71CA8003F3F68 /* WRCollectionViewController.m in Sources */ = {isa = PBXBuildFile; fileRef = 450BDBD71BA71CA8003F3F68 /* WRCollectionViewController.m */; };
		450BDBFC1BA71CA8003F3F68 /* WRTableViewController.m in Sources */ = {isa = PBXBuildFile; fileRef = 450BDBDA1BA71CA8003F3F68 /* WRTableViewController.m */; };
		450BDBFD1BA71CA8003F3F68 /* UIlistCellWrapper.m in Sources */ = {isa = PBXBuildFile; fileRef = 450BDBDD1BA71CA8003F3F68 /* UIlistCellWrapper.m */; };
		450BDBFE1BA71CA8003F3F68 /* UIlistSectionWrapper.m in Sources */ = {isa = PBXBuildFile; fileRef = 450BDBE01BA71CA8003F3F68 /* UIlistSectionWrapper.m */; };
		450BDBFF1BA71CA8003F3F68 /* UICollectionViewCell+setItem.m in Sources */ = {isa = PBXBuildFile; fileRef = 450BDBE41BA71CA8003F3F68 /* UICollectionViewCell+setItem.m */; };
		450BDC001BA71CA8003F3F68 /* BaseTableViewCell.m in Sources */ = {isa = PBXBuildFile; fileRef = 450BDBE71BA71CA8003F3F68 /* BaseTableViewCell.m */; };
		450BDC011BA71CA8003F3F68 /* UITableCellStyleDefault.m in Sources */ = {isa = PBXBuildFile; fileRef = 450BDBE91BA71CA8003F3F68 /* UITableCellStyleDefault.m */; };
		450BDC021BA71CA8003F3F68 /* UITableCellStyleIndicator.m in Sources */ = {isa = PBXBuildFile; fileRef = 450BDBEB1BA71CA8003F3F68 /* UITableCellStyleIndicator.m */; };
		450BDC031BA71CA8003F3F68 /* UITableCellStyleSubtitle.m in Sources */ = {isa = PBXBuildFile; fileRef = 450BDBED1BA71CA8003F3F68 /* UITableCellStyleSubtitle.m */; };
		450BDC041BA71CA8003F3F68 /* UITableCellStyleSystem.m in Sources */ = {isa = PBXBuildFile; fileRef = 450BDBEF1BA71CA8003F3F68 /* UITableCellStyleSystem.m */; };
		450BDC051BA71CA8003F3F68 /* UITableCellStyleValue1.m in Sources */ = {isa = PBXBuildFile; fileRef = 450BDBF11BA71CA8003F3F68 /* UITableCellStyleValue1.m */; };
		450BDC061BA71CA8003F3F68 /* UITableCellStyleValue2.m in Sources */ = {isa = PBXBuildFile; fileRef = 450BDBF31BA71CA8003F3F68 /* UITableCellStyleValue2.m */; };
		450BDC071BA71CA8003F3F68 /* UITableViewCell+setItem.m in Sources */ = {isa = PBXBuildFile; fileRef = 450BDBF51BA71CA8003F3F68 /* UITableViewCell+setItem.m */; };
		450BDC0D1BA71D37003F3F68 /* ViewController.m in Sources */ = {isa = PBXBuildFile; fileRef = 450BDC0C1BA71D37003F3F68 /* ViewController.m */; };
		450BDC111BA71DD7003F3F68 /* TableViewController.m in Sources */ = {isa = PBXBuildFile; fileRef = 450BDC101BA71DD7003F3F68 /* TableViewController.m */; };
		453F777B1B95D421006E90E4 /* main.m in Sources */ = {isa = PBXBuildFile; fileRef = 453F777A1B95D421006E90E4 /* main.m */; };
		453F777E1B95D421006E90E4 /* AppDelegate.m in Sources */ = {isa = PBXBuildFile; fileRef = 453F777D1B95D421006E90E4 /* AppDelegate.m */; };
		453F77841B95D421006E90E4 /* Main.storyboard in Resources */ = {isa = PBXBuildFile; fileRef = 453F77821B95D421006E90E4 /* Main.storyboard */; };
		453F77861B95D421006E90E4 /* Images.xcassets in Resources */ = {isa = PBXBuildFile; fileRef = 453F77851B95D421006E90E4 /* Images.xcassets */; };
		453F77891B95D421006E90E4 /* LaunchScreen.xib in Resources */ = {isa = PBXBuildFile; fileRef = 453F77871B95D421006E90E4 /* LaunchScreen.xib */; };
		453F77951B95D421006E90E4 /* UIlistWrapperTests.m in Sources */ = {isa = PBXBuildFile; fileRef = 453F77941B95D421006E90E4 /* UIlistWrapperTests.m */; };
		457322E51BC53BF50096437F /* CollectionTableViewCell.m in Sources */ = {isa = PBXBuildFile; fileRef = 457322E41BC53BF50096437F /* CollectionTableViewCell.m */; settings = {ASSET_TAGS = (); }; };
		457322E81BC548E20096437F /* CollectionTableViewController.m in Sources */ = {isa = PBXBuildFile; fileRef = 457322E71BC548E20096437F /* CollectionTableViewController.m */; settings = {ASSET_TAGS = (); }; };
		457322EB1BC54C740096437F /* HorizontalScrollTableViewCell.m in Sources */ = {isa = PBXBuildFile; fileRef = 457322EA1BC54C740096437F /* HorizontalScrollTableViewCell.m */; settings = {ASSET_TAGS = (); }; };
		457322EE1BC54DDF0096437F /* HorizontalScrollTableViewCellViewController.m in Sources */ = {isa = PBXBuildFile; fileRef = 457322ED1BC54DDF0096437F /* HorizontalScrollTableViewCellViewController.m */; settings = {ASSET_TAGS = (); }; };
		D4E7300B1BD09DEA0076C444 /* UIlistDataManager.m in Sources */ = {isa = PBXBuildFile; fileRef = D4E7300A1BD09DEA0076C444 /* UIlistDataManager.m */; settings = {ASSET_TAGS = (); }; };
/* End PBXBuildFile section */

/* Begin PBXContainerItemProxy section */
		453F778F1B95D421006E90E4 /* PBXContainerItemProxy */ = {
			isa = PBXContainerItemProxy;
			containerPortal = 453F776D1B95D421006E90E4 /* Project object */;
			proxyType = 1;
			remoteGlobalIDString = 453F77741B95D421006E90E4;
			remoteInfo = UIlistWrapper;
		};
/* End PBXContainerItemProxy section */

/* Begin PBXFileReference section */
		450BDBCB1BA71CA8003F3F68 /* CollectionViewController.h */ = {isa = PBXFileReference; fileEncoding = 4; lastKnownFileType = sourcecode.c.h; path = CollectionViewController.h; sourceTree = "<group>"; };
		450BDBCC1BA71CA8003F3F68 /* CollectionViewController.m */ = {isa = PBXFileReference; fileEncoding = 4; lastKnownFileType = sourcecode.c.objc; path = CollectionViewController.m; sourceTree = "<group>"; };
		450BDBCD1BA71CA8003F3F68 /* NibTableViewCell.h */ = {isa = PBXFileReference; fileEncoding = 4; lastKnownFileType = sourcecode.c.h; path = NibTableViewCell.h; sourceTree = "<group>"; };
		450BDBCE1BA71CA8003F3F68 /* NibTableViewCell.m */ = {isa = PBXFileReference; fileEncoding = 4; lastKnownFileType = sourcecode.c.objc; path = NibTableViewCell.m; sourceTree = "<group>"; };
		450BDBCF1BA71CA8003F3F68 /* NibTableViewCell.xib */ = {isa = PBXFileReference; fileEncoding = 4; lastKnownFileType = file.xib; path = NibTableViewCell.xib; sourceTree = "<group>"; };
		450BDBD61BA71CA8003F3F68 /* WRCollectionViewController.h */ = {isa = PBXFileReference; fileEncoding = 4; lastKnownFileType = sourcecode.c.h; path = WRCollectionViewController.h; sourceTree = "<group>"; };
		450BDBD71BA71CA8003F3F68 /* WRCollectionViewController.m */ = {isa = PBXFileReference; fileEncoding = 4; lastKnownFileType = sourcecode.c.objc; path = WRCollectionViewController.m; sourceTree = "<group>"; };
		450BDBD81BA71CA8003F3F68 /* WRlistWrapperDelegate.h */ = {isa = PBXFileReference; fileEncoding = 4; lastKnownFileType = sourcecode.c.h; path = WRlistWrapperDelegate.h; sourceTree = "<group>"; };
		450BDBD91BA71CA8003F3F68 /* WRTableViewController.h */ = {isa = PBXFileReference; fileEncoding = 4; lastKnownFileType = sourcecode.c.h; path = WRTableViewController.h; sourceTree = "<group>"; };
		450BDBDA1BA71CA8003F3F68 /* WRTableViewController.m */ = {isa = PBXFileReference; fileEncoding = 4; lastKnownFileType = sourcecode.c.objc; path = WRTableViewController.m; sourceTree = "<group>"; };
		450BDBDC1BA71CA8003F3F68 /* UIlistCellWrapper.h */ = {isa = PBXFileReference; fileEncoding = 4; lastKnownFileType = sourcecode.c.h; path = UIlistCellWrapper.h; sourceTree = "<group>"; };
		450BDBDD1BA71CA8003F3F68 /* UIlistCellWrapper.m */ = {isa = PBXFileReference; fileEncoding = 4; lastKnownFileType = sourcecode.c.objc; path = UIlistCellWrapper.m; sourceTree = "<group>"; };
		450BDBDE1BA71CA8003F3F68 /* UIlistItemProtocal.h */ = {isa = PBXFileReference; fileEncoding = 4; lastKnownFileType = sourcecode.c.h; path = UIlistItemProtocal.h; sourceTree = "<group>"; };
		450BDBDF1BA71CA8003F3F68 /* UIlistSectionWrapper.h */ = {isa = PBXFileReference; fileEncoding = 4; lastKnownFileType = sourcecode.c.h; path = UIlistSectionWrapper.h; sourceTree = "<group>"; };
		450BDBE01BA71CA8003F3F68 /* UIlistSectionWrapper.m */ = {isa = PBXFileReference; fileEncoding = 4; lastKnownFileType = sourcecode.c.objc; path = UIlistSectionWrapper.m; sourceTree = "<group>"; };
		450BDBE31BA71CA8003F3F68 /* UICollectionViewCell+setItem.h */ = {isa = PBXFileReference; fileEncoding = 4; lastKnownFileType = sourcecode.c.h; path = "UICollectionViewCell+setItem.h"; sourceTree = "<group>"; };
		450BDBE41BA71CA8003F3F68 /* UICollectionViewCell+setItem.m */ = {isa = PBXFileReference; fileEncoding = 4; lastKnownFileType = sourcecode.c.objc; path = "UICollectionViewCell+setItem.m"; sourceTree = "<group>"; };
		450BDBE61BA71CA8003F3F68 /* BaseTableViewCell.h */ = {isa = PBXFileReference; fileEncoding = 4; lastKnownFileType = sourcecode.c.h; path = BaseTableViewCell.h; sourceTree = "<group>"; };
		450BDBE71BA71CA8003F3F68 /* BaseTableViewCell.m */ = {isa = PBXFileReference; fileEncoding = 4; lastKnownFileType = sourcecode.c.objc; path = BaseTableViewCell.m; sourceTree = "<group>"; };
		450BDBE81BA71CA8003F3F68 /* UITableCellStyleDefault.h */ = {isa = PBXFileReference; fileEncoding = 4; lastKnownFileType = sourcecode.c.h; path = UITableCellStyleDefault.h; sourceTree = "<group>"; };
		450BDBE91BA71CA8003F3F68 /* UITableCellStyleDefault.m */ = {isa = PBXFileReference; fileEncoding = 4; lastKnownFileType = sourcecode.c.objc; path = UITableCellStyleDefault.m; sourceTree = "<group>"; };
		450BDBEA1BA71CA8003F3F68 /* UITableCellStyleIndicator.h */ = {isa = PBXFileReference; fileEncoding = 4; lastKnownFileType = sourcecode.c.h; path = UITableCellStyleIndicator.h; sourceTree = "<group>"; };
		450BDBEB1BA71CA8003F3F68 /* UITableCellStyleIndicator.m */ = {isa = PBXFileReference; fileEncoding = 4; lastKnownFileType = sourcecode.c.objc; path = UITableCellStyleIndicator.m; sourceTree = "<group>"; };
		450BDBEC1BA71CA8003F3F68 /* UITableCellStyleSubtitle.h */ = {isa = PBXFileReference; fileEncoding = 4; lastKnownFileType = sourcecode.c.h; path = UITableCellStyleSubtitle.h; sourceTree = "<group>"; };
		450BDBED1BA71CA8003F3F68 /* UITableCellStyleSubtitle.m */ = {isa = PBXFileReference; fileEncoding = 4; lastKnownFileType = sourcecode.c.objc; path = UITableCellStyleSubtitle.m; sourceTree = "<group>"; };
		450BDBEE1BA71CA8003F3F68 /* UITableCellStyleSystem.h */ = {isa = PBXFileReference; fileEncoding = 4; lastKnownFileType = sourcecode.c.h; path = UITableCellStyleSystem.h; sourceTree = "<group>"; };
		450BDBEF1BA71CA8003F3F68 /* UITableCellStyleSystem.m */ = {isa = PBXFileReference; fileEncoding = 4; lastKnownFileType = sourcecode.c.objc; path = UITableCellStyleSystem.m; sourceTree = "<group>"; };
		450BDBF01BA71CA8003F3F68 /* UITableCellStyleValue1.h */ = {isa = PBXFileReference; fileEncoding = 4; lastKnownFileType = sourcecode.c.h; path = UITableCellStyleValue1.h; sourceTree = "<group>"; };
		450BDBF11BA71CA8003F3F68 /* UITableCellStyleValue1.m */ = {isa = PBXFileReference; fileEncoding = 4; lastKnownFileType = sourcecode.c.objc; path = UITableCellStyleValue1.m; sourceTree = "<group>"; };
		450BDBF21BA71CA8003F3F68 /* UITableCellStyleValue2.h */ = {isa = PBXFileReference; fileEncoding = 4; lastKnownFileType = sourcecode.c.h; path = UITableCellStyleValue2.h; sourceTree = "<group>"; };
		450BDBF31BA71CA8003F3F68 /* UITableCellStyleValue2.m */ = {isa = PBXFileReference; fileEncoding = 4; lastKnownFileType = sourcecode.c.objc; path = UITableCellStyleValue2.m; sourceTree = "<group>"; };
		450BDBF41BA71CA8003F3F68 /* UITableViewCell+setItem.h */ = {isa = PBXFileReference; fileEncoding = 4; lastKnownFileType = sourcecode.c.h; path = "UITableViewCell+setItem.h"; sourceTree = "<group>"; };
		450BDBF51BA71CA8003F3F68 /* UITableViewCell+setItem.m */ = {isa = PBXFileReference; fileEncoding = 4; lastKnownFileType = sourcecode.c.objc; path = "UITableViewCell+setItem.m"; sourceTree = "<group>"; };
		450BDC0B1BA71D37003F3F68 /* ViewController.h */ = {isa = PBXFileReference; fileEncoding = 4; lastKnownFileType = sourcecode.c.h; path = ViewController.h; sourceTree = "<group>"; };
		450BDC0C1BA71D37003F3F68 /* ViewController.m */ = {isa = PBXFileReference; fileEncoding = 4; lastKnownFileType = sourcecode.c.objc; path = ViewController.m; sourceTree = "<group>"; };
		450BDC0F1BA71DD7003F3F68 /* TableViewController.h */ = {isa = PBXFileReference; fileEncoding = 4; lastKnownFileType = sourcecode.c.h; path = TableViewController.h; sourceTree = "<group>"; };
		450BDC101BA71DD7003F3F68 /* TableViewController.m */ = {isa = PBXFileReference; fileEncoding = 4; lastKnownFileType = sourcecode.c.objc; path = TableViewController.m; sourceTree = "<group>"; };
		453F77751B95D421006E90E4 /* UIlistWrapper.app */ = {isa = PBXFileReference; explicitFileType = wrapper.application; includeInIndex = 0; path = UIlistWrapper.app; sourceTree = BUILT_PRODUCTS_DIR; };
		453F77791B95D421006E90E4 /* Info.plist */ = {isa = PBXFileReference; lastKnownFileType = text.plist.xml; path = Info.plist; sourceTree = "<group>"; };
		453F777A1B95D421006E90E4 /* main.m */ = {isa = PBXFileReference; lastKnownFileType = sourcecode.c.objc; path = main.m; sourceTree = "<group>"; };
		453F777C1B95D421006E90E4 /* AppDelegate.h */ = {isa = PBXFileReference; lastKnownFileType = sourcecode.c.h; path = AppDelegate.h; sourceTree = "<group>"; };
		453F777D1B95D421006E90E4 /* AppDelegate.m */ = {isa = PBXFileReference; lastKnownFileType = sourcecode.c.objc; path = AppDelegate.m; sourceTree = "<group>"; };
		453F77831B95D421006E90E4 /* Base */ = {isa = PBXFileReference; lastKnownFileType = file.storyboard; name = Base; path = Base.lproj/Main.storyboard; sourceTree = "<group>"; };
		453F77851B95D421006E90E4 /* Images.xcassets */ = {isa = PBXFileReference; lastKnownFileType = folder.assetcatalog; path = Images.xcassets; sourceTree = "<group>"; };
		453F77881B95D421006E90E4 /* Base */ = {isa = PBXFileReference; lastKnownFileType = file.xib; name = Base; path = Base.lproj/LaunchScreen.xib; sourceTree = "<group>"; };
		453F778E1B95D421006E90E4 /* UIlistWrapperTests.xctest */ = {isa = PBXFileReference; explicitFileType = wrapper.cfbundle; includeInIndex = 0; path = UIlistWrapperTests.xctest; sourceTree = BUILT_PRODUCTS_DIR; };
		453F77931B95D421006E90E4 /* Info.plist */ = {isa = PBXFileReference; lastKnownFileType = text.plist.xml; path = Info.plist; sourceTree = "<group>"; };
		453F77941B95D421006E90E4 /* UIlistWrapperTests.m */ = {isa = PBXFileReference; lastKnownFileType = sourcecode.c.objc; path = UIlistWrapperTests.m; sourceTree = "<group>"; };
		457322E31BC53BF50096437F /* CollectionTableViewCell.h */ = {isa = PBXFileReference; fileEncoding = 4; lastKnownFileType = sourcecode.c.h; name = CollectionTableViewCell.h; path = ../UITableViewCell/CollectionTableViewCell.h; sourceTree = "<group>"; };
		457322E41BC53BF50096437F /* CollectionTableViewCell.m */ = {isa = PBXFileReference; fileEncoding = 4; lastKnownFileType = sourcecode.c.objc; name = CollectionTableViewCell.m; path = ../UITableViewCell/CollectionTableViewCell.m; sourceTree = "<group>"; };
		457322E61BC548E20096437F /* CollectionTableViewController.h */ = {isa = PBXFileReference; fileEncoding = 4; lastKnownFileType = sourcecode.c.h; path = CollectionTableViewController.h; sourceTree = "<group>"; };
		457322E71BC548E20096437F /* CollectionTableViewController.m */ = {isa = PBXFileReference; fileEncoding = 4; lastKnownFileType = sourcecode.c.objc; path = CollectionTableViewController.m; sourceTree = "<group>"; };
		457322E91BC54C740096437F /* HorizontalScrollTableViewCell.h */ = {isa = PBXFileReference; fileEncoding = 4; lastKnownFileType = sourcecode.c.h; path = HorizontalScrollTableViewCell.h; sourceTree = "<group>"; };
		457322EA1BC54C740096437F /* HorizontalScrollTableViewCell.m */ = {isa = PBXFileReference; fileEncoding = 4; lastKnownFileType = sourcecode.c.objc; path = HorizontalScrollTableViewCell.m; sourceTree = "<group>"; };
		457322EC1BC54DDF0096437F /* HorizontalScrollTableViewCellViewController.h */ = {isa = PBXFileReference; fileEncoding = 4; lastKnownFileType = sourcecode.c.h; path = HorizontalScrollTableViewCellViewController.h; sourceTree = "<group>"; };
		457322ED1BC54DDF0096437F /* HorizontalScrollTableViewCellViewController.m */ = {isa = PBXFileReference; fileEncoding = 4; lastKnownFileType = sourcecode.c.objc; path = HorizontalScrollTableViewCellViewController.m; sourceTree = "<group>"; };
		D4E730091BD09DEA0076C444 /* UIlistDataManager.h */ = {isa = PBXFileReference; fileEncoding = 4; lastKnownFileType = sourcecode.c.h; path = UIlistDataManager.h; sourceTree = "<group>"; };
		D4E7300A1BD09DEA0076C444 /* UIlistDataManager.m */ = {isa = PBXFileReference; fileEncoding = 4; lastKnownFileType = sourcecode.c.objc; path = UIlistDataManager.m; sourceTree = "<group>"; };
/* End PBXFileReference section */

/* Begin PBXFrameworksBuildPhase section */
		453F77721B95D421006E90E4 /* Frameworks */ = {
			isa = PBXFrameworksBuildPhase;
			buildActionMask = 2147483647;
			files = (
			);
			runOnlyForDeploymentPostprocessing = 0;
		};
		453F778B1B95D421006E90E4 /* Frameworks */ = {
			isa = PBXFrameworksBuildPhase;
			buildActionMask = 2147483647;
			files = (
			);
			runOnlyForDeploymentPostprocessing = 0;
		};
/* End PBXFrameworksBuildPhase section */

/* Begin PBXGroup section */
		450BDBCA1BA71CA8003F3F68 /* Examples */ = {
			isa = PBXGroup;
			children = (
				450BDC0E1BA71D47003F3F68 /* collectionViewExample */,
				450BDC0A1BA71CFB003F3F68 /* tableExample */,
			);
			name = Examples;
			path = Module;
			sourceTree = "<group>";
		};
		450BDBD41BA71CA8003F3F68 /* UIlistWrapper */ = {
			isa = PBXGroup;
			children = (
				450BDBD51BA71CA8003F3F68 /* controller */,
				450BDBE11BA71CA8003F3F68 /* view */,
				D4E730081BD09DA90076C444 /* manager */,
				450BDBDB1BA71CA8003F3F68 /* model */,
			);
			path = UIlistWrapper;
			sourceTree = "<group>";
		};
		450BDBD51BA71CA8003F3F68 /* controller */ = {
			isa = PBXGroup;
			children = (
				450BDBD81BA71CA8003F3F68 /* WRlistWrapperDelegate.h */,
				450BDBD91BA71CA8003F3F68 /* WRTableViewController.h */,
				450BDBDA1BA71CA8003F3F68 /* WRTableViewController.m */,
				450BDBD61BA71CA8003F3F68 /* WRCollectionViewController.h */,
				450BDBD71BA71CA8003F3F68 /* WRCollectionViewController.m */,
			);
			path = controller;
			sourceTree = "<group>";
		};
		450BDBDB1BA71CA8003F3F68 /* model */ = {
			isa = PBXGroup;
			children = (
				450BDBDC1BA71CA8003F3F68 /* UIlistCellWrapper.h */,
				450BDBDD1BA71CA8003F3F68 /* UIlistCellWrapper.m */,
				450BDBDE1BA71CA8003F3F68 /* UIlistItemProtocal.h */,
				450BDBDF1BA71CA8003F3F68 /* UIlistSectionWrapper.h */,
				450BDBE01BA71CA8003F3F68 /* UIlistSectionWrapper.m */,
			);
			path = model;
			sourceTree = "<group>";
		};
		450BDBE11BA71CA8003F3F68 /* view */ = {
			isa = PBXGroup;
			children = (
				450BDBE21BA71CA8003F3F68 /* UICollectionViewCell */,
				450BDBE51BA71CA8003F3F68 /* UITableViewCell */,
			);
			path = view;
			sourceTree = "<group>";
		};
		450BDBE21BA71CA8003F3F68 /* UICollectionViewCell */ = {
			isa = PBXGroup;
			children = (
				450BDBE31BA71CA8003F3F68 /* UICollectionViewCell+setItem.h */,
				450BDBE41BA71CA8003F3F68 /* UICollectionViewCell+setItem.m */,
				457322E31BC53BF50096437F /* CollectionTableViewCell.h */,
				457322E41BC53BF50096437F /* CollectionTableViewCell.m */,
				457322E91BC54C740096437F /* HorizontalScrollTableViewCell.h */,
				457322EA1BC54C740096437F /* HorizontalScrollTableViewCell.m */,
			);
			path = UICollectionViewCell;
			sourceTree = "<group>";
		};
		450BDBE51BA71CA8003F3F68 /* UITableViewCell */ = {
			isa = PBXGroup;
			children = (
				450BDBE61BA71CA8003F3F68 /* BaseTableViewCell.h */,
				450BDBE71BA71CA8003F3F68 /* BaseTableViewCell.m */,
				450BDBE81BA71CA8003F3F68 /* UITableCellStyleDefault.h */,
				450BDBE91BA71CA8003F3F68 /* UITableCellStyleDefault.m */,
				450BDBEA1BA71CA8003F3F68 /* UITableCellStyleIndicator.h */,
				450BDBEB1BA71CA8003F3F68 /* UITableCellStyleIndicator.m */,
				450BDBEC1BA71CA8003F3F68 /* UITableCellStyleSubtitle.h */,
				450BDBED1BA71CA8003F3F68 /* UITableCellStyleSubtitle.m */,
				450BDBEE1BA71CA8003F3F68 /* UITableCellStyleSystem.h */,
				450BDBEF1BA71CA8003F3F68 /* UITableCellStyleSystem.m */,
				450BDBF01BA71CA8003F3F68 /* UITableCellStyleValue1.h */,
				450BDBF11BA71CA8003F3F68 /* UITableCellStyleValue1.m */,
				450BDBF21BA71CA8003F3F68 /* UITableCellStyleValue2.h */,
				450BDBF31BA71CA8003F3F68 /* UITableCellStyleValue2.m */,
				450BDBF41BA71CA8003F3F68 /* UITableViewCell+setItem.h */,
				450BDBF51BA71CA8003F3F68 /* UITableViewCell+setItem.m */,
			);
			path = UITableViewCell;
			sourceTree = "<group>";
		};
		450BDC0A1BA71CFB003F3F68 /* tableExample */ = {
			isa = PBXGroup;
			children = (
				450BDC0F1BA71DD7003F3F68 /* TableViewController.h */,
				450BDC101BA71DD7003F3F68 /* TableViewController.m */,
				450BDBCD1BA71CA8003F3F68 /* NibTableViewCell.h */,
				450BDBCE1BA71CA8003F3F68 /* NibTableViewCell.m */,
				450BDBCF1BA71CA8003F3F68 /* NibTableViewCell.xib */,
				457322E61BC548E20096437F /* CollectionTableViewController.h */,
				457322E71BC548E20096437F /* CollectionTableViewController.m */,
				457322EC1BC54DDF0096437F /* HorizontalScrollTableViewCellViewController.h */,
				457322ED1BC54DDF0096437F /* HorizontalScrollTableViewCellViewController.m */,
			);
			name = tableExample;
			sourceTree = "<group>";
		};
		450BDC0E1BA71D47003F3F68 /* collectionViewExample */ = {
			isa = PBXGroup;
			children = (
				450BDBCB1BA71CA8003F3F68 /* CollectionViewController.h */,
				450BDBCC1BA71CA8003F3F68 /* CollectionViewController.m */,
			);
			name = collectionViewExample;
			sourceTree = "<group>";
		};
		453F776C1B95D421006E90E4 = {
			isa = PBXGroup;
			children = (
				453F77771B95D421006E90E4 /* UIlistWrapper */,
				453F77911B95D421006E90E4 /* UIlistWrapperTests */,
				453F77761B95D421006E90E4 /* Products */,
			);
			sourceTree = "<group>";
		};
		453F77761B95D421006E90E4 /* Products */ = {
			isa = PBXGroup;
			children = (
				453F77751B95D421006E90E4 /* UIlistWrapper.app */,
				453F778E1B95D421006E90E4 /* UIlistWrapperTests.xctest */,
			);
			name = Products;
			sourceTree = "<group>";
		};
		453F77771B95D421006E90E4 /* UIlistWrapper */ = {
			isa = PBXGroup;
			children = (
				453F777C1B95D421006E90E4 /* AppDelegate.h */,
				453F777D1B95D421006E90E4 /* AppDelegate.m */,
				450BDC0B1BA71D37003F3F68 /* ViewController.h */,
				450BDC0C1BA71D37003F3F68 /* ViewController.m */,
				450BDBCA1BA71CA8003F3F68 /* Examples */,
				450BDBD41BA71CA8003F3F68 /* UIlistWrapper */,
				453F77821B95D421006E90E4 /* Main.storyboard */,
				453F77851B95D421006E90E4 /* Images.xcassets */,
				453F77871B95D421006E90E4 /* LaunchScreen.xib */,
				453F77781B95D421006E90E4 /* Supporting Files */,
			);
			path = UIlistWrapper;
			sourceTree = "<group>";
		};
		453F77781B95D421006E90E4 /* Supporting Files */ = {
			isa = PBXGroup;
			children = (
				453F77791B95D421006E90E4 /* Info.plist */,
				453F777A1B95D421006E90E4 /* main.m */,
			);
			name = "Supporting Files";
			sourceTree = "<group>";
		};
		453F77911B95D421006E90E4 /* UIlistWrapperTests */ = {
			isa = PBXGroup;
			children = (
				453F77941B95D421006E90E4 /* UIlistWrapperTests.m */,
				453F77921B95D421006E90E4 /* Supporting Files */,
			);
			path = UIlistWrapperTests;
			sourceTree = "<group>";
		};
		453F77921B95D421006E90E4 /* Supporting Files */ = {
			isa = PBXGroup;
			children = (
				453F77931B95D421006E90E4 /* Info.plist */,
			);
			name = "Supporting Files";
			sourceTree = "<group>";
		};
		D4E730081BD09DA90076C444 /* manager */ = {
			isa = PBXGroup;
			children = (
				D4E730091BD09DEA0076C444 /* UIlistDataManager.h */,
				D4E7300A1BD09DEA0076C444 /* UIlistDataManager.m */,
			);
			path = manager;
			sourceTree = "<group>";
		};
/* End PBXGroup section */

/* Begin PBXNativeTarget section */
		453F77741B95D421006E90E4 /* UIlistWrapper */ = {
			isa = PBXNativeTarget;
			buildConfigurationList = 453F77981B95D421006E90E4 /* Build configuration list for PBXNativeTarget "UIlistWrapper" */;
			buildPhases = (
				453F77711B95D421006E90E4 /* Sources */,
				453F77721B95D421006E90E4 /* Frameworks */,
				453F77731B95D421006E90E4 /* Resources */,
			);
			buildRules = (
			);
			dependencies = (
			);
			name = UIlistWrapper;
			productName = UIlistWrapper;
			productReference = 453F77751B95D421006E90E4 /* UIlistWrapper.app */;
			productType = "com.apple.product-type.application";
		};
		453F778D1B95D421006E90E4 /* UIlistWrapperTests */ = {
			isa = PBXNativeTarget;
			buildConfigurationList = 453F779B1B95D421006E90E4 /* Build configuration list for PBXNativeTarget "UIlistWrapperTests" */;
			buildPhases = (
				453F778A1B95D421006E90E4 /* Sources */,
				453F778B1B95D421006E90E4 /* Frameworks */,
				453F778C1B95D421006E90E4 /* Resources */,
			);
			buildRules = (
			);
			dependencies = (
				453F77901B95D421006E90E4 /* PBXTargetDependency */,
			);
			name = UIlistWrapperTests;
			productName = UIlistWrapperTests;
			productReference = 453F778E1B95D421006E90E4 /* UIlistWrapperTests.xctest */;
			productType = "com.apple.product-type.bundle.unit-test";
		};
/* End PBXNativeTarget section */

/* Begin PBXProject section */
		453F776D1B95D421006E90E4 /* Project object */ = {
			isa = PBXProject;
			attributes = {
				LastUpgradeCheck = 0700;
				ORGANIZATIONNAME = BL;
				TargetAttributes = {
					453F77741B95D421006E90E4 = {
						CreatedOnToolsVersion = 6.4;
					};
					453F778D1B95D421006E90E4 = {
						CreatedOnToolsVersion = 6.4;
						TestTargetID = 453F77741B95D421006E90E4;
					};
				};
			};
			buildConfigurationList = 453F77701B95D421006E90E4 /* Build configuration list for PBXProject "UIlistWrapper" */;
			compatibilityVersion = "Xcode 3.2";
			developmentRegion = English;
			hasScannedForEncodings = 0;
			knownRegions = (
				en,
				Base,
			);
			mainGroup = 453F776C1B95D421006E90E4;
			productRefGroup = 453F77761B95D421006E90E4 /* Products */;
			projectDirPath = "";
			projectRoot = "";
			targets = (
				453F77741B95D421006E90E4 /* UIlistWrapper */,
				453F778D1B95D421006E90E4 /* UIlistWrapperTests */,
			);
		};
/* End PBXProject section */

/* Begin PBXResourcesBuildPhase section */
		453F77731B95D421006E90E4 /* Resources */ = {
			isa = PBXResourcesBuildPhase;
			buildActionMask = 2147483647;
			files = (
				453F77841B95D421006E90E4 /* Main.storyboard in Resources */,
				450BDBF81BA71CA8003F3F68 /* NibTableViewCell.xib in Resources */,
				453F77891B95D421006E90E4 /* LaunchScreen.xib in Resources */,
				453F77861B95D421006E90E4 /* Images.xcassets in Resources */,
			);
			runOnlyForDeploymentPostprocessing = 0;
		};
		453F778C1B95D421006E90E4 /* Resources */ = {
			isa = PBXResourcesBuildPhase;
			buildActionMask = 2147483647;
			files = (
			);
			runOnlyForDeploymentPostprocessing = 0;
		};
/* End PBXResourcesBuildPhase section */

/* Begin PBXSourcesBuildPhase section */
		453F77711B95D421006E90E4 /* Sources */ = {
			isa = PBXSourcesBuildPhase;
			buildActionMask = 2147483647;
			files = (
				457322E81BC548E20096437F /* CollectionTableViewController.m in Sources */,
				450BDBFF1BA71CA8003F3F68 /* UICollectionViewCell+setItem.m in Sources */,
				450BDC021BA71CA8003F3F68 /* UITableCellStyleIndicator.m in Sources */,
				450BDBF61BA71CA8003F3F68 /* CollectionViewController.m in Sources */,
				450BDBFB1BA71CA8003F3F68 /* WRCollectionViewController.m in Sources */,
				453F777E1B95D421006E90E4 /* AppDelegate.m in Sources */,
				450BDC041BA71CA8003F3F68 /* UITableCellStyleSystem.m in Sources */,
				450BDC051BA71CA8003F3F68 /* UITableCellStyleValue1.m in Sources */,
				457322EE1BC54DDF0096437F /* HorizontalScrollTableViewCellViewController.m in Sources */,
				450BDC0D1BA71D37003F3F68 /* ViewController.m in Sources */,
				450BDBFC1BA71CA8003F3F68 /* WRTableViewController.m in Sources */,
				450BDC031BA71CA8003F3F68 /* UITableCellStyleSubtitle.m in Sources */,
				450BDC071BA71CA8003F3F68 /* UITableViewCell+setItem.m in Sources */,
				453F777B1B95D421006E90E4 /* main.m in Sources */,
				450BDC011BA71CA8003F3F68 /* UITableCellStyleDefault.m in Sources */,
				450BDC001BA71CA8003F3F68 /* BaseTableViewCell.m in Sources */,
				450BDBFE1BA71CA8003F3F68 /* UIlistSectionWrapper.m in Sources */,
				457322EB1BC54C740096437F /* HorizontalScrollTableViewCell.m in Sources */,
				457322E51BC53BF50096437F /* CollectionTableViewCell.m in Sources */,
				450BDC061BA71CA8003F3F68 /* UITableCellStyleValue2.m in Sources */,
				450BDC111BA71DD7003F3F68 /* TableViewController.m in Sources */,
				D4E7300B1BD09DEA0076C444 /* UIlistDataManager.m in Sources */,
				450BDBF71BA71CA8003F3F68 /* NibTableViewCell.m in Sources */,
				450BDBFD1BA71CA8003F3F68 /* UIlistCellWrapper.m in Sources */,
			);
			runOnlyForDeploymentPostprocessing = 0;
		};
		453F778A1B95D421006E90E4 /* Sources */ = {
			isa = PBXSourcesBuildPhase;
			buildActionMask = 2147483647;
			files = (
				453F77951B95D421006E90E4 /* UIlistWrapperTests.m in Sources */,
			);
			runOnlyForDeploymentPostprocessing = 0;
		};
/* End PBXSourcesBuildPhase section */

/* Begin PBXTargetDependency section */
		453F77901B95D421006E90E4 /* PBXTargetDependency */ = {
			isa = PBXTargetDependency;
			target = 453F77741B95D421006E90E4 /* UIlistWrapper */;
			targetProxy = 453F778F1B95D421006E90E4 /* PBXContainerItemProxy */;
		};
/* End PBXTargetDependency section */

/* Begin PBXVariantGroup section */
		453F77821B95D421006E90E4 /* Main.storyboard */ = {
			isa = PBXVariantGroup;
			children = (
				453F77831B95D421006E90E4 /* Base */,
			);
			name = Main.storyboard;
			sourceTree = "<group>";
		};
		453F77871B95D421006E90E4 /* LaunchScreen.xib */ = {
			isa = PBXVariantGroup;
			children = (
				453F77881B95D421006E90E4 /* Base */,
			);
			name = LaunchScreen.xib;
			sourceTree = "<group>";
		};
/* End PBXVariantGroup section */

/* Begin XCBuildConfiguration section */
		453F77961B95D421006E90E4 /* Debug */ = {
			isa = XCBuildConfiguration;
			buildSettings = {
				ALWAYS_SEARCH_USER_PATHS = NO;
				CLANG_CXX_LANGUAGE_STANDARD = "gnu++0x";
				CLANG_CXX_LIBRARY = "libc++";
				CLANG_ENABLE_MODULES = YES;
				CLANG_ENABLE_OBJC_ARC = YES;
				CLANG_WARN_BOOL_CONVERSION = YES;
				CLANG_WARN_CONSTANT_CONVERSION = YES;
				CLANG_WARN_DIRECT_OBJC_ISA_USAGE = YES_ERROR;
				CLANG_WARN_EMPTY_BODY = YES;
				CLANG_WARN_ENUM_CONVERSION = YES;
				CLANG_WARN_INT_CONVERSION = YES;
				CLANG_WARN_OBJC_ROOT_CLASS = YES_ERROR;
				CLANG_WARN_UNREACHABLE_CODE = YES;
				CLANG_WARN__DUPLICATE_METHOD_MATCH = YES;
				"CODE_SIGN_IDENTITY[sdk=iphoneos*]" = "iPhone Developer";
				COPY_PHASE_STRIP = NO;
				DEBUG_INFORMATION_FORMAT = "dwarf-with-dsym";
				ENABLE_STRICT_OBJC_MSGSEND = YES;
				ENABLE_TESTABILITY = YES;
				GCC_C_LANGUAGE_STANDARD = gnu99;
				GCC_DYNAMIC_NO_PIC = NO;
				GCC_NO_COMMON_BLOCKS = YES;
				GCC_OPTIMIZATION_LEVEL = 0;
				GCC_PREPROCESSOR_DEFINITIONS = (
					"DEBUG=1",
					"$(inherited)",
				);
				GCC_SYMBOLS_PRIVATE_EXTERN = NO;
				GCC_WARN_64_TO_32_BIT_CONVERSION = YES;
				GCC_WARN_ABOUT_RETURN_TYPE = YES_ERROR;
				GCC_WARN_UNDECLARED_SELECTOR = YES;
				GCC_WARN_UNINITIALIZED_AUTOS = YES_AGGRESSIVE;
				GCC_WARN_UNUSED_FUNCTION = YES;
				GCC_WARN_UNUSED_VARIABLE = YES;
				IPHONEOS_DEPLOYMENT_TARGET = 8.4;
				MTL_ENABLE_DEBUG_INFO = YES;
				ONLY_ACTIVE_ARCH = YES;
				SDKROOT = iphoneos;
				TARGETED_DEVICE_FAMILY = "1,2";
			};
			name = Debug;
		};
		453F77971B95D421006E90E4 /* Release */ = {
			isa = XCBuildConfiguration;
			buildSettings = {
				ALWAYS_SEARCH_USER_PATHS = NO;
				CLANG_CXX_LANGUAGE_STANDARD = "gnu++0x";
				CLANG_CXX_LIBRARY = "libc++";
				CLANG_ENABLE_MODULES = YES;
				CLANG_ENABLE_OBJC_ARC = YES;
				CLANG_WARN_BOOL_CONVERSION = YES;
				CLANG_WARN_CONSTANT_CONVERSION = YES;
				CLANG_WARN_DIRECT_OBJC_ISA_USAGE = YES_ERROR;
				CLANG_WARN_EMPTY_BODY = YES;
				CLANG_WARN_ENUM_CONVERSION = YES;
				CLANG_WARN_INT_CONVERSION = YES;
				CLANG_WARN_OBJC_ROOT_CLASS = YES_ERROR;
				CLANG_WARN_UNREACHABLE_CODE = YES;
				CLANG_WARN__DUPLICATE_METHOD_MATCH = YES;
				"CODE_SIGN_IDENTITY[sdk=iphoneos*]" = "iPhone Developer";
				COPY_PHASE_STRIP = NO;
				DEBUG_INFORMATION_FORMAT = "dwarf-with-dsym";
				ENABLE_NS_ASSERTIONS = NO;
				ENABLE_STRICT_OBJC_MSGSEND = YES;
				GCC_C_LANGUAGE_STANDARD = gnu99;
				GCC_NO_COMMON_BLOCKS = YES;
				GCC_WARN_64_TO_32_BIT_CONVERSION = YES;
				GCC_WARN_ABOUT_RETURN_TYPE = YES_ERROR;
				GCC_WARN_UNDECLARED_SELECTOR = YES;
				GCC_WARN_UNINITIALIZED_AUTOS = YES_AGGRESSIVE;
				GCC_WARN_UNUSED_FUNCTION = YES;
				GCC_WARN_UNUSED_VARIABLE = YES;
				IPHONEOS_DEPLOYMENT_TARGET = 8.4;
				MTL_ENABLE_DEBUG_INFO = NO;
				SDKROOT = iphoneos;
				TARGETED_DEVICE_FAMILY = "1,2";
				VALIDATE_PRODUCT = YES;
			};
			name = Release;
		};
		453F77991B95D421006E90E4 /* Debug */ = {
			isa = XCBuildConfiguration;
			buildSettings = {
				ASSETCATALOG_COMPILER_APPICON_NAME = AppIcon;
				INFOPLIST_FILE = UIlistWrapper/Info.plist;
				LD_RUNPATH_SEARCH_PATHS = "$(inherited) @executable_path/Frameworks";
				PRODUCT_BUNDLE_IDENTIFIER = "BL.$(PRODUCT_NAME:rfc1034identifier)";
				PRODUCT_NAME = "$(TARGET_NAME)";
			};
			name = Debug;
		};
		453F779A1B95D421006E90E4 /* Release */ = {
			isa = XCBuildConfiguration;
			buildSettings = {
				ASSETCATALOG_COMPILER_APPICON_NAME = AppIcon;
				INFOPLIST_FILE = UIlistWrapper/Info.plist;
				LD_RUNPATH_SEARCH_PATHS = "$(inherited) @executable_path/Frameworks";
				PRODUCT_BUNDLE_IDENTIFIER = "BL.$(PRODUCT_NAME:rfc1034identifier)";
				PRODUCT_NAME = "$(TARGET_NAME)";
			};
			name = Release;
		};
		453F779C1B95D421006E90E4 /* Debug */ = {
			isa = XCBuildConfiguration;
			buildSettings = {
				BUNDLE_LOADER = "$(TEST_HOST)";
				FRAMEWORK_SEARCH_PATHS = (
					"$(SDKROOT)/Developer/Library/Frameworks",
					"$(inherited)",
				);
				GCC_PREPROCESSOR_DEFINITIONS = (
					"DEBUG=1",
					"$(inherited)",
				);
				INFOPLIST_FILE = UIlistWrapperTests/Info.plist;
				LD_RUNPATH_SEARCH_PATHS = "$(inherited) @executable_path/Frameworks @loader_path/Frameworks";
				PRODUCT_BUNDLE_IDENTIFIER = "BL.$(PRODUCT_NAME:rfc1034identifier)";
				PRODUCT_NAME = "$(TARGET_NAME)";
				TEST_HOST = "$(BUILT_PRODUCTS_DIR)/UIlistWrapper.app/UIlistWrapper";
			};
			name = Debug;
		};
		453F779D1B95D421006E90E4 /* Release */ = {
			isa = XCBuildConfiguration;
			buildSettings = {
				BUNDLE_LOADER = "$(TEST_HOST)";
				FRAMEWORK_SEARCH_PATHS = (
					"$(SDKROOT)/Developer/Library/Frameworks",
					"$(inherited)",
				);
				INFOPLIST_FILE = UIlistWrapperTests/Info.plist;
				LD_RUNPATH_SEARCH_PATHS = "$(inherited) @executable_path/Frameworks @loader_path/Frameworks";
				PRODUCT_BUNDLE_IDENTIFIER = "BL.$(PRODUCT_NAME:rfc1034identifier)";
				PRODUCT_NAME = "$(TARGET_NAME)";
				TEST_HOST = "$(BUILT_PRODUCTS_DIR)/UIlistWrapper.app/UIlistWrapper";
			};
			name = Release;
		};
/* End XCBuildConfiguration section */

/* Begin XCConfigurationList section */
		453F77701B95D421006E90E4 /* Build configuration list for PBXProject "UIlistWrapper" */ = {
			isa = XCConfigurationList;
			buildConfigurations = (
				453F77961B95D421006E90E4 /* Debug */,
				453F77971B95D421006E90E4 /* Release */,
			);
			defaultConfigurationIsVisible = 0;
			defaultConfigurationName = Release;
		};
		453F77981B95D421006E90E4 /* Build configuration list for PBXNativeTarget "UIlistWrapper" */ = {
			isa = XCConfigurationList;
			buildConfigurations = (
				453F77991B95D421006E90E4 /* Debug */,
				453F779A1B95D421006E90E4 /* Release */,
			);
			defaultConfigurationIsVisible = 0;
			defaultConfigurationName = Release;
		};
		453F779B1B95D421006E90E4 /* Build configuration list for PBXNativeTarget "UIlistWrapperTests" */ = {
			isa = XCConfigurationList;
			buildConfigurations = (
				453F779C1B95D421006E90E4 /* Debug */,
				453F779D1B95D421006E90E4 /* Release */,
			);
			defaultConfigurationIsVisible = 0;
			defaultConfigurationName = Release;
		};
/* End XCConfigurationList section */
	};
	rootObject = 453F776D1B95D421006E90E4 /* Project object */;
}
